
Microsoft Visual Studio Solution File, Format Version 12.00
# Visual Studio 15
VisualStudioVersion = 15.0.28307.1525
MinimumVisualStudioVersion = 10.0.40219.1
Project("{FAE04EC0-301F-11D3-BF4B-00C04F79EFBC}") = "WpfApp1", "WpfApp1\WpfApp1.csproj", "{2980E297-6A71-44BC-89F6-D9B4BECB9F43}"
EndProject
Global
	GlobalSection(SolutionConfigurationPlatforms) = preSolution
		Debug|Any CPU = Debug|Any CPU
		Release|Any CPU = Release|Any CPU
	EndGlobalSection
	GlobalSection(ProjectConfigurationPlatforms) = postSolution
		{2980E297-6A71-44BC-89F6-D9B4BECB9F43}.Debug|Any CPU.ActiveCfg = Debug|Any CPU
		{2980E297-6A71-44BC-89F6-D9B4BECB9F43}.Debug|Any CPU.Build.0 = Debug|Any CPU
		{2980E297-6A71-44BC-89F6-D9B4BECB9F43}.Release|Any CPU.ActiveCfg = Release|Any CPU
		{2980E297-6A71-44BC-89F6-D9B4BECB9F43}.Release|Any CPU.Build.0 = Release|Any CPU
	EndGlobalSection
	GlobalSection(SolutionProperties) = preSolution
		HideSolutionNode = FALSE
	EndGlobalSection
	GlobalSection(ExtensibilityGlobals) = postSolution
		SolutionGuid = {B00571D9-1266-4225-BE30-41E606F26F38}
	EndGlobalSection
EndGlobal
